
Microsoft Visual Studio Solution File, Format Version 12.00
# Visual Studio Version 16
VisualStudioVersion = 16.0.29613.14
MinimumVisualStudioVersion = 10.0.40219.1
Project("{FAE04EC0-301F-11D3-BF4B-00C04F79EFBC}") = "WebApplication8", "WebApplication8\WebApplication8.csproj", "{CACF21C0-272D-4170-8217-D8CF75300A6B}"
EndProject
Global
	GlobalSection(SolutionConfigurationPlatforms) = preSolution
		Debug|Any CPU = Debug|Any CPU
		Release|Any CPU = Release|Any CPU
	EndGlobalSection
	GlobalSection(ProjectConfigurationPlatforms) = postSolution
		{CACF21C0-272D-4170-8217-D8CF75300A6B}.Debug|Any CPU.ActiveCfg = Debug|Any CPU
		{CACF21C0-272D-4170-8217-D8CF75300A6B}.Debug|Any CPU.Build.0 = Debug|Any CPU
		{CACF21C0-272D-4170-8217-D8CF75300A6B}.Release|Any CPU.ActiveCfg = Release|Any CPU
		{CACF21C0-272D-4170-8217-D8CF75300A6B}.Release|Any CPU.Build.0 = Release|Any CPU
	EndGlobalSection
	GlobalSection(SolutionProperties) = preSolution
		HideSolutionNode = FALSE
	EndGlobalSection
	GlobalSection(ExtensibilityGlobals) = postSolution
		SolutionGuid = {31879CF4-EC1E-4EC2-B00E-C32314C46157}
	EndGlobalSection
EndGlobal
